
Microsoft Visual Studio Solution File, Format Version 12.00
# Visual Studio Version 17
VisualStudioVersion = 17.0.31903.59
MinimumVisualStudioVersion = 10.0.40219.1
Project("{FAE04EC0-301F-11D3-BF4B-00C04F79EFBC}") = "API", "API\API.csproj", "{606A4785-B180-474E-949B-8EF40C5E5B93}"
EndProject
Project("{FAE04EC0-301F-11D3-BF4B-00C04F79EFBC}") = "Application", "Application\Application.csproj", "{09E0518B-DB57-4DA1-8580-390B7460F967}"
EndProject
Project("{FAE04EC0-301F-11D3-BF4B-00C04F79EFBC}") = "Domain", "Domain\Domain.csproj", "{1DB316B5-08B0-440B-A6D5-6BF86526DB1F}"
EndProject
Project("{FAE04EC0-301F-11D3-BF4B-00C04F79EFBC}") = "Persistence", "Persistence\Persistence.csproj", "{9817ADF0-B81A-4038-A7F6-F1D68317C972}"
EndProject
Global
	GlobalSection(SolutionConfigurationPlatforms) = preSolution
		Debug|Any CPU = Debug|Any CPU
		Release|Any CPU = Release|Any CPU
	EndGlobalSection
	GlobalSection(SolutionProperties) = preSolution
		HideSolutionNode = FALSE
	EndGlobalSection
	GlobalSection(ProjectConfigurationPlatforms) = postSolution
		{606A4785-B180-474E-949B-8EF40C5E5B93}.Debug|Any CPU.ActiveCfg = Debug|Any CPU
		{606A4785-B180-474E-949B-8EF40C5E5B93}.Debug|Any CPU.Build.0 = Debug|Any CPU
		{606A4785-B180-474E-949B-8EF40C5E5B93}.Release|Any CPU.ActiveCfg = Release|Any CPU
		{606A4785-B180-474E-949B-8EF40C5E5B93}.Release|Any CPU.Build.0 = Release|Any CPU
		{09E0518B-DB57-4DA1-8580-390B7460F967}.Debug|Any CPU.ActiveCfg = Debug|Any CPU
		{09E0518B-DB57-4DA1-8580-390B7460F967}.Debug|Any CPU.Build.0 = Debug|Any CPU
		{09E0518B-DB57-4DA1-8580-390B7460F967}.Release|Any CPU.ActiveCfg = Release|Any CPU
		{09E0518B-DB57-4DA1-8580-390B7460F967}.Release|Any CPU.Build.0 = Release|Any CPU
		{1DB316B5-08B0-440B-A6D5-6BF86526DB1F}.Debug|Any CPU.ActiveCfg = Debug|Any CPU
		{1DB316B5-08B0-440B-A6D5-6BF86526DB1F}.Debug|Any CPU.Build.0 = Debug|Any CPU
		{1DB316B5-08B0-440B-A6D5-6BF86526DB1F}.Release|Any CPU.ActiveCfg = Release|Any CPU
		{1DB316B5-08B0-440B-A6D5-6BF86526DB1F}.Release|Any CPU.Build.0 = Release|Any CPU
		{9817ADF0-B81A-4038-A7F6-F1D68317C972}.Debug|Any CPU.ActiveCfg = Debug|Any CPU
		{9817ADF0-B81A-4038-A7F6-F1D68317C972}.Debug|Any CPU.Build.0 = Debug|Any CPU
		{9817ADF0-B81A-4038-A7F6-F1D68317C972}.Release|Any CPU.ActiveCfg = Release|Any CPU
		{9817ADF0-B81A-4038-A7F6-F1D68317C972}.Release|Any CPU.Build.0 = Release|Any CPU
	EndGlobalSection
EndGlobal
